Microsoft Visual Studio Solution File, Format Version 12.00
# Visual Studio Version 17
VisualStudioVersion = 17.5.2.0
MinimumVisualStudioVersion = 10.0.40219.1
Project("{FAE04EC0-301F-11D3-BF4B-00C04F79EFBC}") = "MyFirstSKApp", "MyFirstSKApp.csproj", "{C88425B5-AB3E-A0A5-3BA2-EB039A78980C}"
EndProject
Global
	GlobalSection(SolutionConfigurationPlatforms) = preSolution
		Debug|Any CPU = Debug|Any CPU
		Release|Any CPU = Release|Any CPU
	EndGlobalSection
	GlobalSection(ProjectConfigurationPlatforms) = postSolution
		{C88425B5-AB3E-A0A5-3BA2-EB039A78980C}.Debug|Any CPU.ActiveCfg = Debug|Any CPU
		{C88425B5-AB3E-A0A5-3BA2-EB039A78980C}.Debug|Any CPU.Build.0 = Debug|Any CPU
		{C88425B5-AB3E-A0A5-3BA2-EB039A78980C}.Release|Any CPU.ActiveCfg = Release|Any CPU
		{C88425B5-AB3E-A0A5-3BA2-EB039A78980C}.Release|Any CPU.Build.0 = Release|Any CPU
	EndGlobalSection
	GlobalSection(SolutionProperties) = preSolution
		HideSolutionNode = FALSE
	EndGlobalSection
	GlobalSection(ExtensibilityGlobals) = postSolution
		SolutionGuid = {F681157D-DE90-4559-AAB2-702C6C3091DE}
	EndGlobalSection
EndGlobal
